<?xml version="1.0" encoding="utf-8"?>
<Project ToolsVersion="4.0" xmlns="http://schemas.microsoft.com/developer/msbuild/2003">
  <ItemGroup>
    <Filter Include="Source Files">
      <UniqueIdentifier>{4FC737F1-C7A5-4376-A066-2A32D752A2FF}</UniqueIdentifier>
      <Extensions>cpp;c;cc;cxx;c++;cppm;ixx;def;odl;idl;hpj;bat;asm;asmx</Extensions>
    </Filter>
    <Filter Include="Resource Files">
      <UniqueIdentifier>{67DA6AB6-F800-4c08-8B7A-83BB121AAD01}</UniqueIdentifier>
      <Extensions>rc;ico;cur;bmp;dlg;rc2;rct;bin;rgs;gif;jpg;jpeg;jpe;resx;tiff;tif;png;wav;mfcribbon-ms</Extensions>
    </Filter>
    <Filter Include="Internal Dependencies">
      <UniqueIdentifier>{2b592bfd-aca0-43d3-9a28-859fd3d19be3}</UniqueIdentifier>
    </Filter>
    <Filter Include="Third Party">
      <UniqueIdentifier>{59912993-d449-45ef-92d8-a4167d917400}</UniqueIdentifier>
    </Filter>
  </ItemGroup>
  <ItemGroup>
    <ClCompile Include="Application.cpp">
      <Filter>Source Files</Filter>
    </ClCompile>
    <ClCompile Include="ArticulatedLine.cpp">
      <Filter>Source Files</Filter>
    </ClCompile>
    <ClCompile Include="BezierTransformer.cpp">
      <Filter>Source Files</Filter>
    </ClCompile>
    <ClCompile Include="BrushCabinet.cpp">
      <Filter>Source Files</Filter>
    </ClCompile>
    <ClCompile Include="Buffer.cpp">
      <Filter>Source Files</Filter>
    </ClCompile>
    <ClCompile Include="CanvasRenderer.cpp">
      <Filter>Source Files</Filter>
    </ClCompile>
    <ClCompile Include="Device.cpp">
      <Filter>Source Files</Filter>
    </ClCompile>
    <ClCompile Include="EquidistantDot.cpp">
      <Filter>Source Files</Filter>
    </ClCompile>
    <ClCompile Include="Image.cpp">
      <Filter>Source Files</Filter>
    </ClCompile>
    <ClCompile Include="Instance.cpp">
      <Filter>Source Files</Filter>
    </ClCompile>
    <ClCompile Include="main.cpp">
      <Filter>Source Files</Filter>
    </ClCompile>
    <ClCompile Include="MainPassRenderer.cpp">
      <Filter>Source Files</Filter>
    </ClCompile>
    <ClCompile Include="Mapper.cpp">
      <Filter>Source Files</Filter>
    </ClCompile>
    <ClCompile Include="ObjectRenderer.cpp">
      <Filter>Source Files</Filter>
    </ClCompile>
    <ClCompile Include="pch.cpp">
      <Filter>Source Files</Filter>
    </ClCompile>
    <ClCompile Include="ScenePanel.cpp">
      <Filter>Source Files</Filter>
    </ClCompile>
    <ClCompile Include="ShaderModule.cpp">
      <Filter>Source Files</Filter>
    </ClCompile>
    <ClCompile Include="TriangleTest.cpp">
      <Filter>Source Files</Filter>
    </ClCompile>
    <ClCompile Include="Window.cpp">
      <Filter>Source Files</Filter>
    </ClCompile>
  </ItemGroup>
  <ItemGroup>
    <ClInclude Include="vku.hpp">
      <Filter>Third Party</Filter>
    </ClInclude>
    <ClInclude Include="ciallo_imgui_config.h">
      <Filter>Third Party</Filter>
    </ClInclude>
    <ClInclude Include="Window.hpp">
      <Filter>Source Files</Filter>
    </ClInclude>
    <ClInclude Include="Application.hpp">
      <Filter>Source Files</Filter>
    </ClInclude>
    <ClInclude Include="ArticulatedLine.hpp">
      <Filter>Source Files</Filter>
    </ClInclude>
    <ClInclude Include="Bezier.hpp">
      <Filter>Source Files</Filter>
    </ClInclude>
    <ClInclude Include="BezierTransformer.hpp">
      <Filter>Source Files</Filter>
    </ClInclude>
    <ClInclude Include="BrushCabinet.hpp">
      <Filter>Source Files</Filter>
    </ClInclude>
    <ClInclude Include="Buffer.hpp">
      <Filter>Source Files</Filter>
    </ClInclude>
    <ClInclude Include="CanvasRenderer.hpp">
      <Filter>Source Files</Filter>
    </ClInclude>
    <ClInclude Include="CommonBrushComponents.hpp">
      <Filter>Source Files</Filter>
    </ClInclude>
    <ClInclude Include="CommonSceneObjectComponents.hpp">
      <Filter>Source Files</Filter>
    </ClInclude>
    <ClInclude Include="Device.hpp">
      <Filter>Source Files</Filter>
    </ClInclude>
    <ClInclude Include="EquidistantDot.hpp">
      <Filter>Source Files</Filter>
    </ClInclude>
    <ClInclude Include="GeometryPrimitives.hpp">
      <Filter>Source Files</Filter>
    </ClInclude>
    <ClInclude Include="Image.hpp">
      <Filter>Source Files</Filter>
    </ClInclude>
    <ClInclude Include="Instance.hpp">
      <Filter>Source Files</Filter>
    </ClInclude>
    <ClInclude Include="MainPassRenderer.hpp">
      <Filter>Source Files</Filter>
    </ClInclude>
    <ClInclude Include="Mapper.hpp">
      <Filter>Source Files</Filter>
    </ClInclude>
    <ClInclude Include="ObjectRenderer.hpp">
      <Filter>Source Files</Filter>
    </ClInclude>
    <ClInclude Include="pch.hpp">
      <Filter>Source Files</Filter>
    </ClInclude>
    <ClInclude Include="ScenePanel.hpp">
      <Filter>Source Files</Filter>
    </ClInclude>
    <ClInclude Include="ShaderModule.hpp">
      <Filter>Source Files</Filter>
    </ClInclude>
    <ClInclude Include="StrokeCompoinents.hpp">
      <Filter>Source Files</Filter>
    </ClInclude>
    <ClInclude Include="TriangleTest.hpp">
      <Filter>Source Files</Filter>
    </ClInclude>
  </ItemGroup>
  <ItemGroup>
    <CopyFileToFolders Include="images\takagi3.png">
      <Filter>Resource Files</Filter>
    </CopyFileToFolders>
    <CopyFileToFolders Include="shaders\equidistantDot.comp.spv">
      <Filter>Resource Files</Filter>
    </CopyFileToFolders>
    <CopyFileToFolders Include="shaders\equidistantDot.frag.spv">
      <Filter>Resource Files</Filter>
    </CopyFileToFolders>
    <CopyFileToFolders Include="shaders\equidistantDot.geom.spv">
      <Filter>Resource Files</Filter>
    </CopyFileToFolders>
    <CopyFileToFolders Include="shaders\equidistantDot.vert.spv">
      <Filter>Resource Files</Filter>
    </CopyFileToFolders>
    <CopyFileToFolders Include="shaders\articulatedLine.vert.spv">
      <Filter>Resource Files</Filter>
    </CopyFileToFolders>
    <CopyFileToFolders Include="shaders\articulatedLine.frag.spv">
      <Filter>Resource Files</Filter>
    </CopyFileToFolders>
    <CopyFileToFolders Include="shaders\articulatedLine.geom.spv">
      <Filter>Resource Files</Filter>
    </CopyFileToFolders>
  </ItemGroup>
</Project>